
Microsoft Visual Studio Solution File, Format Version 12.00
# Visual Studio Version 17
VisualStudioVersion = 17.1.31903.286
MinimumVisualStudioVersion = 10.0.40219.1
Project("{8BC9CEB8-8B4A-11D0-8D11-00A0C91BC942}") = "Inheritance", "Inheritance\Inheritance.vcxproj", "{B51EB994-5F68-4EE6-97F3-9C39B51E2E41}"
EndProject
Project("{8BC9CEB8-8B4A-11D0-8D11-00A0C91BC942}") = "Academy", "Academy\Academy.vcxproj", "{CE0FE2BD-9670-49E4-BBF6-4502F38EFB00}"
EndProject
Project("{8BC9CEB8-8B4A-11D0-8D11-00A0C91BC942}") = "AbstractBaseClass", "AbstractBaseClass\AbstractBaseClass.vcxproj", "{889BA702-3B75-4912-A8E5-21BFFB303890}"
EndProject
Project("{8BC9CEB8-8B4A-11D0-8D11-00A0C91BC942}") = "AbstractGeometry", "AbstractGeometry\AbstractGeometry.vcxproj", "{8D2CBF0C-2ED1-4456-B62A-873A34554A3C}"
EndProject
Project("{8BC9CEB8-8B4A-11D0-8D11-00A0C91BC942}") = "Treads", "Treads\Treads.vcxproj", "{CBB4D318-CF85-483A-BA0A-52D6FD54E344}"
EndProject
Global
	GlobalSection(SolutionConfigurationPlatforms) = preSolution
		Debug|x64 = Debug|x64
		Debug|x86 = Debug|x86
		Release|x64 = Release|x64
		Release|x86 = Release|x86
	EndGlobalSection
	GlobalSection(ProjectConfigurationPlatforms) = postSolution
		{B51EB994-5F68-4EE6-97F3-9C39B51E2E41}.Debug|x64.ActiveCfg = Debug|x64
		{B51EB994-5F68-4EE6-97F3-9C39B51E2E41}.Debug|x64.Build.0 = Debug|x64
		{B51EB994-5F68-4EE6-97F3-9C39B51E2E41}.Debug|x86.ActiveCfg = Debug|Win32
		{B51EB994-5F68-4EE6-97F3-9C39B51E2E41}.Debug|x86.Build.0 = Debug|Win32
		{B51EB994-5F68-4EE6-97F3-9C39B51E2E41}.Release|x64.ActiveCfg = Release|x64
		{B51EB994-5F68-4EE6-97F3-9C39B51E2E41}.Release|x64.Build.0 = Release|x64
		{B51EB994-5F68-4EE6-97F3-9C39B51E2E41}.Release|x86.ActiveCfg = Release|Win32
		{B51EB994-5F68-4EE6-97F3-9C39B51E2E41}.Release|x86.Build.0 = Release|Win32
		{CE0FE2BD-9670-49E4-BBF6-4502F38EFB00}.Debug|x64.ActiveCfg = Debug|x64
		{CE0FE2BD-9670-49E4-BBF6-4502F38EFB00}.Debug|x64.Build.0 = Debug|x64
		{CE0FE2BD-9670-49E4-BBF6-4502F38EFB00}.Debug|x86.ActiveCfg = Debug|Win32
		{CE0FE2BD-9670-49E4-BBF6-4502F38EFB00}.Debug|x86.Build.0 = Debug|Win32
		{CE0FE2BD-9670-49E4-BBF6-4502F38EFB00}.Release|x64.ActiveCfg = Release|x64
		{CE0FE2BD-9670-49E4-BBF6-4502F38EFB00}.Release|x64.Build.0 = Release|x64
		{CE0FE2BD-9670-49E4-BBF6-4502F38EFB00}.Release|x86.ActiveCfg = Release|Win32
		{CE0FE2BD-9670-49E4-BBF6-4502F38EFB00}.Release|x86.Build.0 = Release|Win32
		{889BA702-3B75-4912-A8E5-21BFFB303890}.Debug|x64.ActiveCfg = Debug|x64
		{889BA702-3B75-4912-A8E5-21BFFB303890}.Debug|x64.Build.0 = Debug|x64
		{889BA702-3B75-4912-A8E5-21BFFB303890}.Debug|x86.ActiveCfg = Debug|Win32
		{889BA702-3B75-4912-A8E5-21BFFB303890}.Debug|x86.Build.0 = Debug|Win32
		{889BA702-3B75-4912-A8E5-21BFFB303890}.Release|x64.ActiveCfg = Release|x64
		{889BA702-3B75-4912-A8E5-21BFFB303890}.Release|x64.Build.0 = Release|x64
		{889BA702-3B75-4912-A8E5-21BFFB303890}.Release|x86.ActiveCfg = Release|Win32
		{889BA702-3B75-4912-A8E5-21BFFB303890}.Release|x86.Build.0 = Release|Win32
		{8D2CBF0C-2ED1-4456-B62A-873A34554A3C}.Debug|x64.ActiveCfg = Debug|x64
		{8D2CBF0C-2ED1-4456-B62A-873A34554A3C}.Debug|x64.Build.0 = Debug|x64
		{8D2CBF0C-2ED1-4456-B62A-873A34554A3C}.Debug|x86.ActiveCfg = Debug|Win32
		{8D2CBF0C-2ED1-4456-B62A-873A34554A3C}.Debug|x86.Build.0 = Debug|Win32
		{8D2CBF0C-2ED1-4456-B62A-873A34554A3C}.Release|x64.ActiveCfg = Release|x64
		{8D2CBF0C-2ED1-4456-B62A-873A34554A3C}.Release|x64.Build.0 = Release|x64
		{8D2CBF0C-2ED1-4456-B62A-873A34554A3C}.Release|x86.ActiveCfg = Release|Win32
		{8D2CBF0C-2ED1-4456-B62A-873A34554A3C}.Release|x86.Build.0 = Release|Win32
		{CBB4D318-CF85-483A-BA0A-52D6FD54E344}.Debug|x64.ActiveCfg = Debug|x64
		{CBB4D318-CF85-483A-BA0A-52D6FD54E344}.Debug|x64.Build.0 = Debug|x64
		{CBB4D318-CF85-483A-BA0A-52D6FD54E344}.Debug|x86.ActiveCfg = Debug|Win32
		{CBB4D318-CF85-483A-BA0A-52D6FD54E344}.Debug|x86.Build.0 = Debug|Win32
		{CBB4D318-CF85-483A-BA0A-52D6FD54E344}.Release|x64.ActiveCfg = Release|x64
		{CBB4D318-CF85-483A-BA0A-52D6FD54E344}.Release|x64.Build.0 = Release|x64
		{CBB4D318-CF85-483A-BA0A-52D6FD54E344}.Release|x86.ActiveCfg = Release|Win32
		{CBB4D318-CF85-483A-BA0A-52D6FD54E344}.Release|x86.Build.0 = Release|Win32
	EndGlobalSection
	GlobalSection(SolutionProperties) = preSolution
		HideSolutionNode = FALSE
	EndGlobalSection
	GlobalSection(ExtensibilityGlobals) = postSolution
		SolutionGuid = {17C3CBAC-1CCC-4CB9-9ABA-F3422B036B41}
	EndGlobalSection
EndGlobal
